<?xml version="1.0" encoding="utf-8"?>
<Project ToolsVersion="4.0" xmlns="http://schemas.microsoft.com/developer/msbuild/2003">
  <ItemGroup>
    <Filter Include="Source Files">
      <UniqueIdentifier>{604d24fe-b9b8-4cfc-b11f-a843d86328b6}</UniqueIdentifier>
    </Filter>
    <Filter Include="Shaders">
      <UniqueIdentifier>{4c26721a-0e41-44aa-bf82-504ae9916ff5}</UniqueIdentifier>
    </Filter>
  </ItemGroup>
  <ItemGroup>
    <FSLShader Include="..\Source\Shaders\basic.frag.fsl">
      <Filter>Shaders</Filter>
    </FSLShader>
    <FSLShader Include="..\Source\Shaders\basic.vert.fsl">
      <Filter>Shaders</Filter>
    </FSLShader>
    <FSLShader Include="..\Source\Shaders\density.comp.fsl">
      <Filter>Shaders</Filter>
    </FSLShader>
    <FSLShader Include="..\Source\Shaders\force.comp.fsl">
      <Filter>Shaders</Filter>
    </FSLShader>
    <FSLShader Include="..\Source\Shaders\helper.h.fsl">
      <Filter>Shaders</Filter>
    </FSLShader>
    <FSLShader Include="..\Source\Shaders\instanced.vert.fsl">
      <Filter>Shaders</Filter>
    </FSLShader>
    <FSLShader Include="..\Source\Shaders\partition.comp.fsl">
      <Filter>Shaders</Filter>
    </FSLShader>
    <FSLShader Include="..\Source\Shaders\partitionOffset.comp.fsl">
      <Filter>Shaders</Filter>
    </FSLShader>
    <FSLShader Include="..\Source\Shaders\resetOffset.comp.fsl">
      <Filter>Shaders</Filter>
    </FSLShader>
    <FSLShader Include="..\Source\Shaders\resources.h.fsl">
      <Filter>Shaders</Filter>
    </FSLShader>
    <FSLShader Include="..\Source\Shaders\ShaderList.fsl">
      <Filter>Shaders</Filter>
    </FSLShader>
    <FSLShader Include="..\Source\Shaders\simulate.comp.fsl">
      <Filter>Shaders</Filter>
    </FSLShader>
    <FSLShader Include="..\Source\Shaders\sort.comp.fsl">
      <Filter>Shaders</Filter>
    </FSLShader>
    <FSLShader Include="..\Source\Shaders\sortInner.comp.fsl">
      <Filter>Shaders</Filter>
    </FSLShader>
    <FSLShader Include="..\Source\Shaders\sortStep.comp.fsl">
      <Filter>Shaders</Filter>
    </FSLShader>
    <FSLShader Include="..\Source\Shaders\sphereInstanced.vert.fsl">
      <Filter>Shaders</Filter>
    </FSLShader>
  </ItemGroup>
  <ItemGroup>
    <ClCompile Include="..\Source\FluidSim.cpp">
      <Filter>Source Files</Filter>
    </ClCompile>
  </ItemGroup>
</Project>